
Microsoft Visual Studio Solution File, Format Version 12.00
# Visual Studio 2012
Project("{FAE04EC0-301F-11D3-BF4B-00C04F79EFBC}") = "DemoIba", "DemoIba\DemoIba.csproj", "{D632D77F-5A54-4AEF-8856-9D3A2BA32185}"
EndProject
Global
	GlobalSection(SolutionConfigurationPlatforms) = preSolution
		Debug|Any CPU = Debug|Any CPU
		Release|Any CPU = Release|Any CPU
	EndGlobalSection
	GlobalSection(ProjectConfigurationPlatforms) = postSolution
		{D632D77F-5A54-4AEF-8856-9D3A2BA32185}.Debug|Any CPU.ActiveCfg = Debug|Any CPU
		{D632D77F-5A54-4AEF-8856-9D3A2BA32185}.Debug|Any CPU.Build.0 = Debug|Any CPU
		{D632D77F-5A54-4AEF-8856-9D3A2BA32185}.Release|Any CPU.ActiveCfg = Release|Any CPU
		{D632D77F-5A54-4AEF-8856-9D3A2BA32185}.Release|Any CPU.Build.0 = Release|Any CPU
	EndGlobalSection
	GlobalSection(SolutionProperties) = preSolution
		HideSolutionNode = FALSE
	EndGlobalSection
EndGlobal
